// !$*UTF8*$!
{
	archiveVersion = 1;
	classes = {
	};
	objectVersion = 77;
	objects = {

/* Begin PBXContainerItemProxy section */
		AFA54E4F2DE8D483003CC9EC /* PBXContainerItemProxy */ = {
			isa = PBXContainerItemProxy;
			containerPortal = AFA54E362DE8D480003CC9EC /* Project object */;
			proxyType = 1;
			remoteGlobalIDString = AFA54E3D2DE8D480003CC9EC;
			remoteInfo = PracticeAssignment4;
		};
		AFA54E592DE8D483003CC9EC /* PBXContainerItemProxy */ = {
			isa = PBXContainerItemProxy;
			containerPortal = AFA54E362DE8D480003CC9EC /* Project object */;
			proxyType = 1;
			remoteGlobalIDString = AFA54E3D2DE8D480003CC9EC;
			remoteInfo = PracticeAssignment4;
		};
/* End PBXContainerItemProxy section */

/* Begin PBXFileReference section */
		AFA54E3E2DE8D480003CC9EC /* PracticeAssignment4.app */ = {isa = PBXFileReference; explicitFileType = wrapper.application; includeInIndex = 0; path = PracticeAssignment4.app; sourceTree = BUILT_PRODUCTS_DIR; };
		AFA54E4E2DE8D483003CC9EC /* PracticeAssignment4Tests.xctest */ = {isa = PBXFileReference; explicitFileType = wrapper.cfbundle; includeInIndex = 0; path = PracticeAssignment4Tests.xctest; sourceTree = BUILT_PRODUCTS_DIR; };
		AFA54E582DE8D483003CC9EC /* PracticeAssignment4UITests.xctest */ = {isa = PBXFileReference; explicitFileType = wrapper.cfbundle; includeInIndex = 0; path = PracticeAssignment4UITests.xctest; sourceTree = BUILT_PRODUCTS_DIR; };
/* End PBXFileReference section */

/* Begin PBXFileSystemSynchronizedRootGroup section */
		AFA54E402DE8D480003CC9EC /* PracticeAssignment4 */ = {
			isa = PBXFileSystemSynchronizedRootGroup;
			path = PracticeAssignment4;
			sourceTree = "<group>";
		};
		AFA54E512DE8D483003CC9EC /* PracticeAssignment4Tests */ = {
			isa = PBXFileSystemSynchronizedRootGroup;
			path = PracticeAssignment4Tests;
			sourceTree = "<group>";
		};
		AFA54E5B2DE8D483003CC9EC /* PracticeAssignment4UITests */ = {
			isa = PBXFileSystemSynchronizedRootGroup;
			path = PracticeAssignment4UITests;
			sourceTree = "<group>";
		};
/* End PBXFileSystemSynchronizedRootGroup section */

/* Begin PBXFrameworksBuildPhase section */
		AFA54E3B2DE8D480003CC9EC /* Frameworks */ = {
			isa = PBXFrameworksBuildPhase;
			buildActionMask = 2147483647;
			files = (
			);
			runOnlyForDeploymentPostprocessing = 0;
		};
		AFA54E4B2DE8D483003CC9EC /* Frameworks */ = {
			isa = PBXFrameworksBuildPhase;
			buildActionMask = 2147483647;
			files = (
			);
			runOnlyForDeploymentPostprocessing = 0;
		};
		AFA54E552DE8D483003CC9EC /* Frameworks */ = {
			isa = PBXFrameworksBuildPhase;
			buildActionMask = 2147483647;
			files = (
			);
			runOnlyForDeploymentPostprocessing = 0;
		};
/* End PBXFrameworksBuildPhase section */

/* Begin PBXGroup section */
		AFA54E352DE8D480003CC9EC = {
			isa = PBXGroup;
			children = (
				AFA54E402DE8D480003CC9EC /* PracticeAssignment4 */,
				AFA54E512DE8D483003CC9EC /* PracticeAssignment4Tests */,
				AFA54E5B2DE8D483003CC9EC /* PracticeAssignment4UITests */,
				AFA54E3F2DE8D480003CC9EC /* Products */,
			);
			sourceTree = "<group>";
		};
		AFA54E3F2DE8D480003CC9EC /* Products */ = {
			isa = PBXGroup;
			children = (
				AFA54E3E2DE8D480003CC9EC /* PracticeAssignment4.app */,
				AFA54E4E2DE8D483003CC9EC /* PracticeAssignment4Tests.xctest */,
				AFA54E582DE8D483003CC9EC /* PracticeAssignment4UITests.xctest */,
			);
			name = Products;
			sourceTree = "<group>";
		};
/* End PBXGroup section */

/* Begin PBXNativeTarget section */
		AFA54E3D2DE8D480003CC9EC /* PracticeAssignment4 */ = {
			isa = PBXNativeTarget;
			buildConfigurationList = AFA54E622DE8D483003CC9EC /* Build configuration list for PBXNativeTarget "PracticeAssignment4" */;
			buildPhases = (
				AFA54E3A2DE8D480003CC9EC /* Sources */,
				AFA54E3B2DE8D480003CC9EC /* Frameworks */,
				AFA54E3C2DE8D480003CC9EC /* Resources */,
			);
			buildRules = (
			);
			dependencies = (
			);
			fileSystemSynchronizedGroups = (
				AFA54E402DE8D480003CC9EC /* PracticeAssignment4 */,
			);
			name = PracticeAssignment4;
			packageProductDependencies = (
			);
			productName = PracticeAssignment4;
			productReference = AFA54E3E2DE8D480003CC9EC /* PracticeAssignment4.app */;
			productType = "com.apple.product-type.application";
		};
		AFA54E4D2DE8D483003CC9EC /* PracticeAssignment4Tests */ = {
			isa = PBXNativeTarget;
			buildConfigurationList = AFA54E652DE8D483003CC9EC /* Build configuration list for PBXNativeTarget "PracticeAssignment4Tests" */;
			buildPhases = (
				AFA54E4A2DE8D483003CC9EC /* Sources */,
				AFA54E4B2DE8D483003CC9EC /* Frameworks */,
				AFA54E4C2DE8D483003CC9EC /* Resources */,
			);
			buildRules = (
			);
			dependencies = (
				AFA54E502DE8D483003CC9EC /* PBXTargetDependency */,
			);
			fileSystemSynchronizedGroups = (
				AFA54E512DE8D483003CC9EC /* PracticeAssignment4Tests */,
			);
			name = PracticeAssignment4Tests;
			packageProductDependencies = (
			);
			productName = PracticeAssignment4Tests;
			productReference = AFA54E4E2DE8D483003CC9EC /* PracticeAssignment4Tests.xctest */;
			productType = "com.apple.product-type.bundle.unit-test";
		};
		AFA54E572DE8D483003CC9EC /* PracticeAssignment4UITests */ = {
			isa = PBXNativeTarget;
			buildConfigurationList = AFA54E682DE8D483003CC9EC /* Build configuration list for PBXNativeTarget "PracticeAssignment4UITests" */;
			buildPhases = (
				AFA54E542DE8D483003CC9EC /* Sources */,
				AFA54E552DE8D483003CC9EC /* Frameworks */,
				AFA54E562DE8D483003CC9EC /* Resources */,
			);
			buildRules = (
			);
			dependencies = (
				AFA54E5A2DE8D483003CC9EC /* PBXTargetDependency */,
			);
			fileSystemSynchronizedGroups = (
				AFA54E5B2DE8D483003CC9EC /* PracticeAssignment4UITests */,
			);
			name = PracticeAssignment4UITests;
			packageProductDependencies = (
			);
			productName = PracticeAssignment4UITests;
			productReference = AFA54E582DE8D483003CC9EC /* PracticeAssignment4UITests.xctest */;
			productType = "com.apple.product-type.bundle.ui-testing";
		};
/* End PBXNativeTarget section */

/* Begin PBXProject section */
		AFA54E362DE8D480003CC9EC /* Project object */ = {
			isa = PBXProject;
			attributes = {
				BuildIndependentTargetsInParallel = 1;
				LastSwiftUpdateCheck = 1600;
				LastUpgradeCheck = 1600;
				TargetAttributes = {
					AFA54E3D2DE8D480003CC9EC = {
						CreatedOnToolsVersion = 16.0;
					};
					AFA54E4D2DE8D483003CC9EC = {
						CreatedOnToolsVersion = 16.0;
						TestTargetID = AFA54E3D2DE8D480003CC9EC;
					};
					AFA54E572DE8D483003CC9EC = {
						CreatedOnToolsVersion = 16.0;
						TestTargetID = AFA54E3D2DE8D480003CC9EC;
					};
				};
			};
			buildConfigurationList = AFA54E392DE8D480003CC9EC /* Build configuration list for PBXProject "PracticeAssignment4" */;
			developmentRegion = en;
			hasScannedForEncodings = 0;
			knownRegions = (
				en,
				Base,
			);
			mainGroup = AFA54E352DE8D480003CC9EC;
			minimizedProjectReferenceProxies = 1;
			preferredProjectObjectVersion = 77;
			productRefGroup = AFA54E3F2DE8D480003CC9EC /* Products */;
			projectDirPath = "";
			projectRoot = "";
			targets = (
				AFA54E3D2DE8D480003CC9EC /* PracticeAssignment4 */,
				AFA54E4D2DE8D483003CC9EC /* PracticeAssignment4Tests */,
				AFA54E572DE8D483003CC9EC /* PracticeAssignment4UITests */,
			);
		};
/* End PBXProject section */

/* Begin PBXResourcesBuildPhase section */
		AFA54E3C2DE8D480003CC9EC /* Resources */ = {
			isa = PBXResourcesBuildPhase;
			buildActionMask = 2147483647;
			files = (
			);
			runOnlyForDeploymentPostprocessing = 0;
		};
		AFA54E4C2DE8D483003CC9EC /* Resources */ = {
			isa = PBXResourcesBuildPhase;
			buildActionMask = 2147483647;
			files = (
			);
			runOnlyForDeploymentPostprocessing = 0;
		};
		AFA54E562DE8D483003CC9EC /* Resources */ = {
			isa = PBXResourcesBuildPhase;
			buildActionMask = 2147483647;
			files = (
			);
			runOnlyForDeploymentPostprocessing = 0;
		};
/* End PBXResourcesBuildPhase section */

/* Begin PBXSourcesBuildPhase section */
		AFA54E3A2DE8D480003CC9EC /* Sources */ = {
			isa = PBXSourcesBuildPhase;
			buildActionMask = 2147483647;
			files = (
			);
			runOnlyForDeploymentPostprocessing = 0;
		};
		AFA54E4A2DE8D483003CC9EC /* Sources */ = {
			isa = PBXSourcesBuildPhase;
			buildActionMask = 2147483647;
			files = (
			);
			runOnlyForDeploymentPostprocessing = 0;
		};
		AFA54E542DE8D483003CC9EC /* Sources */ = {
			isa = PBXSourcesBuildPhase;
			buildActionMask = 2147483647;
			files = (
			);
			runOnlyForDeploymentPostprocessing = 0;
		};
/* End PBXSourcesBuildPhase section */

/* Begin PBXTargetDependency section */
		AFA54E502DE8D483003CC9EC /* PBXTargetDependency */ = {
			isa = PBXTargetDependency;
			target = AFA54E3D2DE8D480003CC9EC /* PracticeAssignment4 */;
			targetProxy = AFA54E4F2DE8D483003CC9EC /* PBXContainerItemProxy */;
		};
		AFA54E5A2DE8D483003CC9EC /* PBXTargetDependency */ = {
			isa = PBXTargetDependency;
			target = AFA54E3D2DE8D480003CC9EC /* PracticeAssignment4 */;
			targetProxy = AFA54E592DE8D483003CC9EC /* PBXContainerItemProxy */;
		};
/* End PBXTargetDependency section */

/* Begin XCBuildConfiguration section */
		AFA54E602DE8D483003CC9EC /* Debug */ = {
			isa = XCBuildConfiguration;
			buildSettings = {
				ALWAYS_SEARCH_USER_PATHS = NO;
				ASSETCATALOG_COMPILER_GENERATE_SWIFT_ASSET_SYMBOL_EXTENSIONS = YES;
				CLANG_ANALYZER_NONNULL = YES;
				CLANG_ANALYZER_NUMBER_OBJECT_CONVERSION = YES_AGGRESSIVE;
				CLANG_CXX_LANGUAGE_STANDARD = "gnu++20";
				CLANG_ENABLE_MODULES = YES;
				CLANG_ENABLE_OBJC_ARC = YES;
				CLANG_ENABLE_OBJC_WEAK = YES;
				CLANG_WARN_BLOCK_CAPTURE_AUTORELEASING = YES;
				CLANG_WARN_BOOL_CONVERSION = YES;
				CLANG_WARN_COMMA = YES;
				CLANG_WARN_CONSTANT_CONVERSION = YES;
				CLANG_WARN_DEPRECATED_OBJC_IMPLEMENTATIONS = YES;
				CLANG_WARN_DIRECT_OBJC_ISA_USAGE = YES_ERROR;
				CLANG_WARN_DOCUMENTATION_COMMENTS = YES;
				CLANG_WARN_EMPTY_BODY = YES;
				CLANG_WARN_ENUM_CONVERSION = YES;
				CLANG_WARN_INFINITE_RECURSION = YES;
				CLANG_WARN_INT_CONVERSION = YES;
				CLANG_WARN_NON_LITERAL_NULL_CONVERSION = YES;
				CLANG_WARN_OBJC_IMPLICIT_RETAIN_SELF = YES;
				CLANG_WARN_OBJC_LITERAL_CONVERSION = YES;
				CLANG_WARN_OBJC_ROOT_CLASS = YES_ERROR;
				CLANG_WARN_QUOTED_INCLUDE_IN_FRAMEWORK_HEADER = YES;
				CLANG_WARN_RANGE_LOOP_ANALYSIS = YES;
				CLANG_WARN_STRICT_PROTOTYPES = YES;
				CLANG_WARN_SUSPICIOUS_MOVE = YES;
				CLANG_WARN_UNGUARDED_AVAILABILITY = YES_AGGRESSIVE;
				CLANG_WARN_UNREACHABLE_CODE = YES;
				CLANG_WARN__DUPLICATE_METHOD_MATCH = YES;
				COPY_PHASE_STRIP = NO;
				DEBUG_INFORMATION_FORMAT = dwarf;
				ENABLE_STRICT_OBJC_MSGSEND = YES;
				ENABLE_TESTABILITY = YES;
				ENABLE_USER_SCRIPT_SANDBOXING = YES;
				GCC_C_LANGUAGE_STANDARD = gnu17;
				GCC_DYNAMIC_NO_PIC = NO;
				GCC_NO_COMMON_BLOCKS = YES;
				GCC_OPTIMIZATION_LEVEL = 0;
				GCC_PREPROCESSOR_DEFINITIONS = (
					"DEBUG=1",
					"$(inherited)",
				);
				GCC_WARN_64_TO_32_BIT_CONVERSION = YES;
				GCC_WARN_ABOUT_RETURN_TYPE = YES_ERROR;
				GCC_WARN_UNDECLARED_SELECTOR = YES;
				GCC_WARN_UNINITIALIZED_AUTOS = YES_AGGRESSIVE;
				GCC_WARN_UNUSED_FUNCTION = YES;
				GCC_WARN_UNUSED_VARIABLE = YES;
				IPHONEOS_DEPLOYMENT_TARGET = 18.0;
				LOCALIZATION_PREFERS_STRING_CATALOGS = YES;
				MTL_ENABLE_DEBUG_INFO = INCLUDE_SOURCE;
				MTL_FAST_MATH = YES;
				ONLY_ACTIVE_ARCH = YES;
				SDKROOT = iphoneos;
				SWIFT_ACTIVE_COMPILATION_CONDITIONS = "DEBUG $(inherited)";
				SWIFT_OPTIMIZATION_LEVEL = "-Onone";
			};
			name = Debug;
		};
		AFA54E612DE8D483003CC9EC /* Release */ = {
			isa = XCBuildConfiguration;
			buildSettings = {
				ALWAYS_SEARCH_USER_PATHS = NO;
				ASSETCATALOG_COMPILER_GENERATE_SWIFT_ASSET_SYMBOL_EXTENSIONS = YES;
				CLANG_ANALYZER_NONNULL = YES;
				CLANG_ANALYZER_NUMBER_OBJECT_CONVERSION = YES_AGGRESSIVE;
				CLANG_CXX_LANGUAGE_STANDARD = "gnu++20";
				CLANG_ENABLE_MODULES = YES;
				CLANG_ENABLE_OBJC_ARC = YES;
				CLANG_ENABLE_OBJC_WEAK = YES;
				CLANG_WARN_BLOCK_CAPTURE_AUTORELEASING = YES;
				CLANG_WARN_BOOL_CONVERSION = YES;
				CLANG_WARN_COMMA = YES;
				CLANG_WARN_CONSTANT_CONVERSION = YES;
				CLANG_WARN_DEPRECATED_OBJC_IMPLEMENTATIONS = YES;
				CLANG_WARN_DIRECT_OBJC_ISA_USAGE = YES_ERROR;
				CLANG_WARN_DOCUMENTATION_COMMENTS = YES;
				CLANG_WARN_EMPTY_BODY = YES;
				CLANG_WARN_ENUM_CONVERSION = YES;
				CLANG_WARN_INFINITE_RECURSION = YES;
				CLANG_WARN_INT_CONVERSION = YES;
				CLANG_WARN_NON_LITERAL_NULL_CONVERSION = YES;
				CLANG_WARN_OBJC_IMPLICIT_RETAIN_SELF = YES;
				CLANG_WARN_OBJC_LITERAL_CONVERSION = YES;
				CLANG_WARN_OBJC_ROOT_CLASS = YES_ERROR;
				CLANG_WARN_QUOTED_INCLUDE_IN_FRAMEWORK_HEADER = YES;
				CLANG_WARN_RANGE_LOOP_ANALYSIS = YES;
				CLANG_WARN_STRICT_PROTOTYPES = YES;
				CLANG_WARN_SUSPICIOUS_MOVE = YES;
				CLANG_WARN_UNGUARDED_AVAILABILITY = YES_AGGRESSIVE;
				CLANG_WARN_UNREACHABLE_CODE = YES;
				CLANG_WARN__DUPLICATE_METHOD_MATCH = YES;
				COPY_PHASE_STRIP = NO;
				DEBUG_INFORMATION_FORMAT = "dwarf-with-dsym";
				ENABLE_NS_ASSERTIONS = NO;
				ENABLE_STRICT_OBJC_MSGSEND = YES;
				ENABLE_USER_SCRIPT_SANDBOXING = YES;
				GCC_C_LANGUAGE_STANDARD = gnu17;
				GCC_NO_COMMON_BLOCKS = YES;
				GCC_WARN_64_TO_32_BIT_CONVERSION = YES;
				GCC_WARN_ABOUT_RETURN_TYPE = YES_ERROR;
				GCC_WARN_UNDECLARED_SELECTOR = YES;
				GCC_WARN_UNINITIALIZED_AUTOS = YES_AGGRESSIVE;
				GCC_WARN_UNUSED_FUNCTION = YES;
				GCC_WARN_UNUSED_VARIABLE = YES;
				IPHONEOS_DEPLOYMENT_TARGET = 18.0;
				LOCALIZATION_PREFERS_STRING_CATALOGS = YES;
				MTL_ENABLE_DEBUG_INFO = NO;
				MTL_FAST_MATH = YES;
				SDKROOT = iphoneos;
				SWIFT_COMPILATION_MODE = wholemodule;
				VALIDATE_PRODUCT = YES;
			};
			name = Release;
		};
		AFA54E632DE8D483003CC9EC /* Debug */ = {
			isa = XCBuildConfiguration;
			buildSettings = {
				ASSETCATALOG_COMPILER_APPICON_NAME = AppIcon;
				ASSETCATALOG_COMPILER_GLOBAL_ACCENT_COLOR_NAME = AccentColor;
				CODE_SIGN_STYLE = Automatic;
				CURRENT_PROJECT_VERSION = 1;
				DEVELOPMENT_ASSET_PATHS = "\"PracticeAssignment4/Preview Content\"";
				DEVELOPMENT_TEAM = FRJU8X4XQ8;
				ENABLE_PREVIEWS = YES;
				GENERATE_INFOPLIST_FILE = YES;
				INFOPLIST_KEY_UIApplicationSceneManifest_Generation = YES;
				INFOPLIST_KEY_UIApplicationSupportsIndirectInputEvents = YES;
				INFOPLIST_KEY_UILaunchScreen_Generation = YES;
				INFOPLIST_KEY_UISupportedInterfaceOrientations_iPad = "UIInterfaceOrientationPortrait UIInterfaceOrientationPortraitUpsideDown UIInterfaceOrientationLandscapeLeft UIInterfaceOrientationLandscapeRight";
				INFOPLIST_KEY_UISupportedInterfaceOrientations_iPhone = "UIInterfaceOrientationPortrait UIInterfaceOrientationLandscapeLeft UIInterfaceOrientationLandscapeRight";
				LD_RUNPATH_SEARCH_PATHS = (
					"$(inherited)",
					"@executable_path/Frameworks",
				);
				MARKETING_VERSION = 1.0;
				PRODUCT_BUNDLE_IDENTIFIER = com.vyom.PracticeAssignment4;
				PRODUCT_NAME = "$(TARGET_NAME)";
				SWIFT_EMIT_LOC_STRINGS = YES;
				SWIFT_VERSION = 5.0;
				TARGETED_DEVICE_FAMILY = "1,2";
			};
			name = Debug;
		};
		AFA54E642DE8D483003CC9EC /* Release */ = {
			isa = XCBuildConfiguration;
			buildSettings = {
				ASSETCATALOG_COMPILER_APPICON_NAME = AppIcon;
				ASSETCATALOG_COMPILER_GLOBAL_ACCENT_COLOR_NAME = AccentColor;
				CODE_SIGN_STYLE = Automatic;
				CURRENT_PROJECT_VERSION = 1;
				DEVELOPMENT_ASSET_PATHS = "\"PracticeAssignment4/Preview Content\"";
				DEVELOPMENT_TEAM = FRJU8X4XQ8;
				ENABLE_PREVIEWS = YES;
				GENERATE_INFOPLIST_FILE = YES;
				INFOPLIST_KEY_UIApplicationSceneManifest_Generation = YES;
				INFOPLIST_KEY_UIApplicationSupportsIndirectInputEvents = YES;
				INFOPLIST_KEY_UILaunchScreen_Generation = YES;
				INFOPLIST_KEY_UISupportedInterfaceOrientations_iPad = "UIInterfaceOrientationPortrait UIInterfaceOrientationPortraitUpsideDown UIInterfaceOrientationLandscapeLeft UIInterfaceOrientationLandscapeRight";
				INFOPLIST_KEY_UISupportedInterfaceOrientations_iPhone = "UIInterfaceOrientationPortrait UIInterfaceOrientationLandscapeLeft UIInterfaceOrientationLandscapeRight";
				LD_RUNPATH_SEARCH_PATHS = (
					"$(inherited)",
					"@executable_path/Frameworks",
				);
				MARKETING_VERSION = 1.0;
				PRODUCT_BUNDLE_IDENTIFIER = com.vyom.PracticeAssignment4;
				PRODUCT_NAME = "$(TARGET_NAME)";
				SWIFT_EMIT_LOC_STRINGS = YES;
				SWIFT_VERSION = 5.0;
				TARGETED_DEVICE_FAMILY = "1,2";
			};
			name = Release;
		};
		AFA54E662DE8D483003CC9EC /* Debug */ = {
			isa = XCBuildConfiguration;
			buildSettings = {
				BUNDLE_LOADER = "$(TEST_HOST)";
				CODE_SIGN_STYLE = Automatic;
				CURRENT_PROJECT_VERSION = 1;
				DEVELOPMENT_TEAM = FRJU8X4XQ8;
				GENERATE_INFOPLIST_FILE = YES;
				IPHONEOS_DEPLOYMENT_TARGET = 18.0;
				MARKETING_VERSION = 1.0;
				PRODUCT_BUNDLE_IDENTIFIER = com.vyom.PracticeAssignment4Tests;
				PRODUCT_NAME = "$(TARGET_NAME)";
				SWIFT_EMIT_LOC_STRINGS = NO;
				SWIFT_VERSION = 5.0;
				TARGETED_DEVICE_FAMILY = "1,2";
				TEST_HOST = "$(BUILT_PRODUCTS_DIR)/PracticeAssignment4.app/$(BUNDLE_EXECUTABLE_FOLDER_PATH)/PracticeAssignment4";
			};
			name = Debug;
		};
		AFA54E672DE8D483003CC9EC /* Release */ = {
			isa = XCBuildConfiguration;
			buildSettings = {
				BUNDLE_LOADER = "$(TEST_HOST)";
				CODE_SIGN_STYLE = Automatic;
				CURRENT_PROJECT_VERSION = 1;
				DEVELOPMENT_TEAM = FRJU8X4XQ8;
				GENERATE_INFOPLIST_FILE = YES;
				IPHONEOS_DEPLOYMENT_TARGET = 18.0;
				MARKETING_VERSION = 1.0;
				PRODUCT_BUNDLE_IDENTIFIER = com.vyom.PracticeAssignment4Tests;
				PRODUCT_NAME = "$(TARGET_NAME)";
				SWIFT_EMIT_LOC_STRINGS = NO;
				SWIFT_VERSION = 5.0;
				TARGETED_DEVICE_FAMILY = "1,2";
				TEST_HOST = "$(BUILT_PRODUCTS_DIR)/PracticeAssignment4.app/$(BUNDLE_EXECUTABLE_FOLDER_PATH)/PracticeAssignment4";
			};
			name = Release;
		};
		AFA54E692DE8D483003CC9EC /* Debug */ = {
			isa = XCBuildConfiguration;
			buildSettings = {
				CODE_SIGN_STYLE = Automatic;
				CURRENT_PROJECT_VERSION = 1;
				DEVELOPMENT_TEAM = FRJU8X4XQ8;
				GENERATE_INFOPLIST_FILE = YES;
				MARKETING_VERSION = 1.0;
				PRODUCT_BUNDLE_IDENTIFIER = com.vyom.PracticeAssignment4UITests;
				PRODUCT_NAME = "$(TARGET_NAME)";
				SWIFT_EMIT_LOC_STRINGS = NO;
				SWIFT_VERSION = 5.0;
				TARGETED_DEVICE_FAMILY = "1,2";
				TEST_TARGET_NAME = PracticeAssignment4;
			};
			name = Debug;
		};
		AFA54E6A2DE8D483003CC9EC /* Release */ = {
			isa = XCBuildConfiguration;
			buildSettings = {
				CODE_SIGN_STYLE = Automatic;
				CURRENT_PROJECT_VERSION = 1;
				DEVELOPMENT_TEAM = FRJU8X4XQ8;
				GENERATE_INFOPLIST_FILE = YES;
				MARKETING_VERSION = 1.0;
				PRODUCT_BUNDLE_IDENTIFIER = com.vyom.PracticeAssignment4UITests;
				PRODUCT_NAME = "$(TARGET_NAME)";
				SWIFT_EMIT_LOC_STRINGS = NO;
				SWIFT_VERSION = 5.0;
				TARGETED_DEVICE_FAMILY = "1,2";
				TEST_TARGET_NAME = PracticeAssignment4;
			};
			name = Release;
		};
/* End XCBuildConfiguration section */

/* Begin XCConfigurationList section */
		AFA54E392DE8D480003CC9EC /* Build configuration list for PBXProject "PracticeAssignment4" */ = {
			isa = XCConfigurationList;
			buildConfigurations = (
				AFA54E602DE8D483003CC9EC /* Debug */,
				AFA54E612DE8D483003CC9EC /* Release */,
			);
			defaultConfigurationIsVisible = 0;
			defaultConfigurationName = Release;
		};
		AFA54E622DE8D483003CC9EC /* Build configuration list for PBXNativeTarget "PracticeAssignment4" */ = {
			isa = XCConfigurationList;
			buildConfigurations = (
				AFA54E632DE8D483003CC9EC /* Debug */,
				AFA54E642DE8D483003CC9EC /* Release */,
			);
			defaultConfigurationIsVisible = 0;
			defaultConfigurationName = Release;
		};
		AFA54E652DE8D483003CC9EC /* Build configuration list for PBXNativeTarget "PracticeAssignment4Tests" */ = {
			isa = XCConfigurationList;
			buildConfigurations = (
				AFA54E662DE8D483003CC9EC /* Debug */,
				AFA54E672DE8D483003CC9EC /* Release */,
			);
			defaultConfigurationIsVisible = 0;
			defaultConfigurationName = Release;
		};
		AFA54E682DE8D483003CC9EC /* Build configuration list for PBXNativeTarget "PracticeAssignment4UITests" */ = {
			isa = XCConfigurationList;
			buildConfigurations = (
				AFA54E692DE8D483003CC9EC /* Debug */,
				AFA54E6A2DE8D483003CC9EC /* Release */,
			);
			defaultConfigurationIsVisible = 0;
			defaultConfigurationName = Release;
		};
/* End XCConfigurationList section */
	};
	rootObject = AFA54E362DE8D480003CC9EC /* Project object */;
}
